{
  "name": "conformance-test-action",
  "requires": true,
  "lockfileVersion": 1,
  "dependencies": {
    "@actions/core": {
      "version": "1.2.6",
      "resolved": "https://registry.npmjs.org/@actions/core/-/core-1.2.6.tgz",
      "integrity": "sha512-ZQYitnqiyBc3D+k7LsgSBmMDVkOVidaagDG7j3fOym77jNunWRuYx7VSHa9GNfFZh+zh61xsCjRj4JxMZlDqTA=="
    },
    "@actions/github": {
      "version": "4.0.0",
      "resolved": "https://registry.npmjs.org/@actions/github/-/github-4.0.0.tgz",
      "integrity": "sha512-Ej/Y2E+VV6sR9X7pWL5F3VgEWrABaT292DRqRU6R4hnQjPtC/zD3nagxVdXWiRQvYDh8kHXo7IDmG42eJ/dOMA==",
      "requires": {
        "@actions/http-client": "^1.0.8",
        "@octokit/core": "^3.0.0",
        "@octokit/plugin-paginate-rest": "^2.2.3",
        "@octokit/plugin-rest-endpoint-methods": "^4.0.0"
      }
    },
    "@actions/http-client": {
      "version": "1.0.8",
      "resolved": "https://registry.npmjs.org/@actions/http-client/-/http-client-1.0.8.tgz",
      "integrity": "sha512-G4JjJ6f9Hb3Zvejj+ewLLKLf99ZC+9v+yCxoYf9vSyH+WkzPLB2LuUtRMGNkooMqdugGBFStIKXOuvH1W+EctA==",
      "requires": {
        "tunnel": "0.0.6"
      }
    },
    "@octokit/auth-token": {
      "version": "2.4.2",
      "resolved": "https://registry.npmjs.org/@octokit/auth-token/-/auth-token-2.4.2.tgz",
      "integrity": "sha512-jE/lE/IKIz2v1+/P0u4fJqv0kYwXOTujKemJMFr6FeopsxlIK3+wKDCJGnysg81XID5TgZQbIfuJ5J0lnTiuyQ==",
      "requires": {
        "@octokit/types": "^5.0.0"
      }
    },
    "@octokit/core": {
      "version": "3.1.2",
      "resolved": "https://registry.npmjs.org/@octokit/core/-/core-3.1.2.tgz",
      "integrity": "sha512-AInOFULmwOa7+NFi9F8DlDkm5qtZVmDQayi7TUgChE3yeIGPq0Y+6cAEXPexQ3Ea+uZy66hKEazR7DJyU+4wfw==",
      "requires": {
        "@octokit/auth-token": "^2.4.0",
        "@octokit/graphql": "^4.3.1",
        "@octokit/request": "^5.4.0",
        "@octokit/types": "^5.0.0",
        "before-after-hook": "^2.1.0",
        "universal-user-agent": "^6.0.0"
      }
    },
    "@octokit/endpoint": {
      "version": "6.0.5",
      "resolved": "https://registry.npmjs.org/@octokit/endpoint/-/endpoint-6.0.5.tgz",
      "integrity": "sha512-70K5u6zd45ItOny6aHQAsea8HHQjlQq85yqOMe+Aj8dkhN2qSJ9T+Q3YjUjEYfPRBcuUWNgMn62DQnP/4LAIiQ==",
      "requires": {
        "@octokit/types": "^5.0.0",
        "is-plain-object": "^4.0.0",
        "universal-user-agent": "^6.0.0"
      }
    },
    "@octokit/graphql": {
      "version": "4.5.3",
      "resolved": "https://registry.npmjs.org/@octokit/graphql/-/graphql-4.5.3.tgz",
      "integrity": "sha512-JyYvi3j2tOb5ofASEpcg1Advs07H+Ag+I+ez7buuZfNVAmh1IYcDTuxd4gnYH8S2PSGu+f5IdDGxMmkK+5zsdA==",
      "requires": {
        "@octokit/request": "^5.3.0",
        "@octokit/types": "^5.0.0",
        "universal-user-agent": "^6.0.0"
      }
    },
    "@octokit/plugin-paginate-rest": {
      "version": "2.3.0",
      "resolved": "https://registry.npmjs.org/@octokit/plugin-paginate-rest/-/plugin-paginate-rest-2.3.0.tgz",
      "integrity": "sha512-Ye2ZJreP0ZlqJQz8fz+hXvrEAEYK4ay7br1eDpWzr6j76VXs/gKqxFcH8qRzkB3fo/2xh4Vy9VtGii4ZDc9qlA==",
      "requires": {
        "@octokit/types": "^5.2.0"
      }
    },
    "@octokit/plugin-rest-endpoint-methods": {
      "version": "4.1.2",
      "resolved": "https://registry.npmjs.org/@octokit/plugin-rest-endpoint-methods/-/plugin-rest-endpoint-methods-4.1.2.tgz",
      "integrity": "sha512-PTI7wpbGEZ2IR87TVh+TNWaLcgX/RsZQalFbQCq8XxYUrQ36RHyERrHSNXFy5gkWpspUAOYRSV707JJv6BhqJA==",
      "requires": {
        "@octokit/types": "^5.1.1",
        "deprecation": "^2.3.1"
      }
    },
    "@octokit/request": {
      "version": "5.4.7",
      "resolved": "https://registry.npmjs.org/@octokit/request/-/request-5.4.7.tgz",
      "integrity": "sha512-FN22xUDP0i0uF38YMbOfx6TotpcENP5W8yJM1e/LieGXn6IoRxDMnBf7tx5RKSW4xuUZ/1P04NFZy5iY3Rax1A==",
      "requires": {
        "@octokit/endpoint": "^6.0.1",
        "@octokit/request-error": "^2.0.0",
        "@octokit/types": "^5.0.0",
        "deprecation": "^2.0.0",
        "is-plain-object": "^4.0.0",
        "node-fetch": "^2.3.0",
        "once": "^1.4.0",
        "universal-user-agent": "^6.0.0"
      }
    },
    "@octokit/request-error": {
      "version": "2.0.2",
      "resolved": "https://registry.npmjs.org/@octokit/request-error/-/request-error-2.0.2.tgz",
      "integrity": "sha512-2BrmnvVSV1MXQvEkrb9zwzP0wXFNbPJij922kYBTLIlIafukrGOb+ABBT2+c6wZiuyWDH1K1zmjGQ0toN/wMWw==",
      "requires": {
        "@octokit/types": "^5.0.1",
        "deprecation": "^2.0.0",
        "once": "^1.4.0"
      }
    },
    "@octokit/types": {
      "version": "5.2.1",
      "resolved": "https://registry.npmjs.org/@octokit/types/-/types-5.2.1.tgz",
      "integrity": "sha512-PugtgEw8u++zAyBpDpSkR8K1OsT2l8QWp3ECL6bZHFoq9PfHDoKeGFWSuX2Z+Ghy93k1fkKf8tsmqNBv+8dEfQ==",
      "requires": {
        "@types/node": ">= 8"
      }
    },
    "@types/eslint-visitor-keys": {
      "version": "1.0.0",
      "resolved": "https://registry.npmjs.org/@types/eslint-visitor-keys/-/eslint-visitor-keys-1.0.0.tgz",
      "integrity": "sha512-OCutwjDZ4aFS6PB1UZ988C4YgwlBHJd6wCeQqaLdmadZ/7e+w79+hbMUFC1QXDNCmdyoRfAFdm0RypzwR+Qpag==",
      "dev": true
    },
    "@types/json-schema": {
      "version": "7.0.5",
      "resolved": "https://registry.npmjs.org/@types/json-schema/-/json-schema-7.0.5.tgz",
      "integrity": "sha512-7+2BITlgjgDhH0vvwZU/HZJVyk+2XUlvxXe8dFMedNX/aMkaOq++rMAFXc0tM7ij15QaWlbdQASBR9dihi+bDQ==",
      "dev": true
    },
    "@types/node": {
      "version": "14.0.27",
      "resolved": "https://registry.npmjs.org/@types/node/-/node-14.0.27.tgz",
      "integrity": "sha512-kVrqXhbclHNHGu9ztnAwSncIgJv/FaxmzXJvGXNdcCpV1b8u1/Mi6z6m0vwy0LzKeXFTPLH0NzwmoJ3fNCIq0g=="
    },
    "@typescript-eslint/experimental-utils": {
      "version": "3.8.0",
      "resolved": "https://registry.npmjs.org/@typescript-eslint/experimental-utils/-/experimental-utils-3.8.0.tgz",
      "integrity": "sha512-o8T1blo1lAJE0QDsW7nSyvZHbiDzQDjINJKyB44Z3sSL39qBy5L10ScI/XwDtaiunoyKGLiY9bzRk4YjsUZl8w==",
      "dev": true,
      "requires": {
        "@types/json-schema": "^7.0.3",
        "@typescript-eslint/types": "3.8.0",
        "@typescript-eslint/typescript-estree": "3.8.0",
        "eslint-scope": "^5.0.0",
        "eslint-utils": "^2.0.0"
      }
    },
    "@typescript-eslint/parser": {
      "version": "3.8.0",
      "resolved": "https://registry.npmjs.org/@typescript-eslint/parser/-/parser-3.8.0.tgz",
      "integrity": "sha512-u5vjOBaCsnMVQOvkKCXAmmOhyyMmFFf5dbkM3TIbg3MZ2pyv5peE4gj81UAbTHwTOXEwf7eCQTUMKrDl/+qGnA==",
      "dev": true,
      "requires": {
        "@types/eslint-visitor-keys": "^1.0.0",
        "@typescript-eslint/experimental-utils": "3.8.0",
        "@typescript-eslint/types": "3.8.0",
        "@typescript-eslint/typescript-estree": "3.8.0",
        "eslint-visitor-keys": "^1.1.0"
      }
    },
    "@typescript-eslint/types": {
      "version": "3.8.0",
      "resolved": "https://registry.npmjs.org/@typescript-eslint/types/-/types-3.8.0.tgz",
      "integrity": "sha512-8kROmEQkv6ss9kdQ44vCN1dTrgu4Qxrd2kXr10kz2NP5T8/7JnEfYNxCpPkArbLIhhkGLZV3aVMplH1RXQRF7Q==",
      "dev": true
    },
    "@typescript-eslint/typescript-estree": {
      "version": "3.8.0",
      "resolved": "https://registry.npmjs.org/@typescript-eslint/typescript-estree/-/typescript-estree-3.8.0.tgz",
      "integrity": "sha512-MTv9nPDhlKfclwnplRNDL44mP2SY96YmPGxmMbMy6x12I+pERcxpIUht7DXZaj4mOKKtet53wYYXU0ABaiXrLw==",
      "dev": true,
      "requires": {
        "@typescript-eslint/types": "3.8.0",
        "@typescript-eslint/visitor-keys": "3.8.0",
        "debug": "^4.1.1",
        "glob": "^7.1.6",
        "is-glob": "^4.0.1",
        "lodash": "^4.17.15",
        "semver": "^7.3.2",
        "tsutils": "^3.17.1"
      }
    },
    "@typescript-eslint/visitor-keys": {
      "version": "3.8.0",
      "resolved": "https://registry.npmjs.org/@typescript-eslint/visitor-keys/-/visitor-keys-3.8.0.tgz",
      "integrity": "sha512-gfqQWyVPpT9NpLREXNR820AYwgz+Kr1GuF3nf1wxpHD6hdxI62tq03ToomFnDxY0m3pUB39IF7sil7D5TQexLA==",
      "dev": true,
      "requires": {
        "eslint-visitor-keys": "^1.1.0"
      }
    },
    "@zeit/ncc": {
      "version": "0.22.3",
      "resolved": "https://registry.npmjs.org/@zeit/ncc/-/ncc-0.22.3.tgz",
      "integrity": "sha512-jnCLpLXWuw/PAiJiVbLjA8WBC0IJQbFeUwF4I9M+23MvIxTxk5pD4Q8byQBSPmHQjz5aBoA7AKAElQxMpjrCLQ==",
      "dev": true
    },
    "balanced-match": {
      "version": "1.0.0",
      "resolved": "https://registry.npmjs.org/balanced-match/-/balanced-match-1.0.0.tgz",
      "integrity": "sha1-ibTRmasr7kneFk6gK4nORi1xt2c=",
      "dev": true
    },
    "before-after-hook": {
      "version": "2.1.0",
      "resolved": "https://registry.npmjs.org/before-after-hook/-/before-after-hook-2.1.0.tgz",
      "integrity": "sha512-IWIbu7pMqyw3EAJHzzHbWa85b6oud/yfKYg5rqB5hNE8CeMi3nX+2C2sj0HswfblST86hpVEOAb9x34NZd6P7A=="
    },
    "brace-expansion": {
      "version": "1.1.11",
      "resolved": "https://registry.npmjs.org/brace-expansion/-/brace-expansion-1.1.11.tgz",
      "integrity": "sha512-iCuPHDFgrHX7H2vEI/5xpz07zSHB00TpugqhmYtVmMO6518mCuRMoOYFldEBl0g187ufozdaHgWKcYFb61qGiA==",
      "dev": true,
      "requires": {
        "balanced-match": "^1.0.0",
        "concat-map": "0.0.1"
      }
    },
    "concat-map": {
      "version": "0.0.1",
      "resolved": "https://registry.npmjs.org/concat-map/-/concat-map-0.0.1.tgz",
      "integrity": "sha1-2Klr13/Wjfd5OnMDajug1UBdR3s=",
      "dev": true
    },
    "debug": {
      "version": "4.1.1",
      "resolved": "https://registry.npmjs.org/debug/-/debug-4.1.1.tgz",
      "integrity": "sha512-pYAIzeRo8J6KPEaJ0VWOh5Pzkbw/RetuzehGM7QRRX5he4fPHx2rdKMB256ehJCkX+XRQm16eZLqLNS8RSZXZw==",
      "dev": true,
      "requires": {
        "ms": "^2.1.1"
      }
    },
    "deprecation": {
      "version": "2.3.1",
      "resolved": "https://registry.npmjs.org/deprecation/-/deprecation-2.3.1.tgz",
      "integrity": "sha512-xmHIy4F3scKVwMsQ4WnVaS8bHOx0DmVwRywosKhaILI0ywMDWPtBSku2HNxRvF7jtwDRsoEwYQSfbxj8b7RlJQ=="
    },
    "eslint-scope": {
      "version": "5.1.0",
      "resolved": "https://registry.npmjs.org/eslint-scope/-/eslint-scope-5.1.0.tgz",
      "integrity": "sha512-iiGRvtxWqgtx5m8EyQUJihBloE4EnYeGE/bz1wSPwJE6tZuJUtHlhqDM4Xj2ukE8Dyy1+HCZ4hE0fzIVMzb58w==",
      "dev": true,
      "requires": {
        "esrecurse": "^4.1.0",
        "estraverse": "^4.1.1"
      }
    },
    "eslint-utils": {
      "version": "2.1.0",
      "resolved": "https://registry.npmjs.org/eslint-utils/-/eslint-utils-2.1.0.tgz",
      "integrity": "sha512-w94dQYoauyvlDc43XnGB8lU3Zt713vNChgt4EWwhXAP2XkBvndfxF0AgIqKOOasjPIPzj9JqgwkwbCYD0/V3Zg==",
      "dev": true,
      "requires": {
        "eslint-visitor-keys": "^1.1.0"
      }
    },
    "eslint-visitor-keys": {
      "version": "1.3.0",
      "resolved": "https://registry.npmjs.org/eslint-visitor-keys/-/eslint-visitor-keys-1.3.0.tgz",
      "integrity": "sha512-6J72N8UNa462wa/KFODt/PJ3IU60SDpC3QXC1Hjc1BXXpfL2C9R5+AU7jhe0F6GREqVMh4Juu+NY7xn+6dipUQ==",
      "dev": true
    },
    "esrecurse": {
      "version": "4.2.1",
      "resolved": "https://registry.npmjs.org/esrecurse/-/esrecurse-4.2.1.tgz",
      "integrity": "sha512-64RBB++fIOAXPw3P9cy89qfMlvZEXZkqqJkjqqXIvzP5ezRZjW+lPWjw35UX/3EhUPFYbg5ER4JYgDw4007/DQ==",
      "dev": true,
      "requires": {
        "estraverse": "^4.1.0"
      }
    },
    "estraverse": {
      "version": "4.3.0",
      "resolved": "https://registry.npmjs.org/estraverse/-/estraverse-4.3.0.tgz",
      "integrity": "sha512-39nnKffWz8xN1BU/2c79n9nB9HDzo0niYUqx6xyqUnyoAnQyyWpOTdZEeiCch8BBu515t4wp9ZmgVfVhn9EBpw==",
      "dev": true
    },
    "fs.realpath": {
      "version": "1.0.0",
      "resolved": "https://registry.npmjs.org/fs.realpath/-/fs.realpath-1.0.0.tgz",
      "integrity": "sha1-FQStJSMVjKpA20onh8sBQRmU6k8=",
      "dev": true
    },
    "glob": {
      "version": "7.1.6",
      "resolved": "https://registry.npmjs.org/glob/-/glob-7.1.6.tgz",
      "integrity": "sha512-LwaxwyZ72Lk7vZINtNNrywX0ZuLyStrdDtabefZKAY5ZGJhVtgdznluResxNmPitE0SAO+O26sWTHeKSI2wMBA==",
      "dev": true,
      "requires": {
        "fs.realpath": "^1.0.0",
        "inflight": "^1.0.4",
        "inherits": "2",
        "minimatch": "^3.0.4",
        "once": "^1.3.0",
        "path-is-absolute": "^1.0.0"
      }
    },
    "inflight": {
      "version": "1.0.6",
      "resolved": "https://registry.npmjs.org/inflight/-/inflight-1.0.6.tgz",
      "integrity": "sha1-Sb1jMdfQLQwJvJEKEHW6gWW1bfk=",
      "dev": true,
      "requires": {
        "once": "^1.3.0",
        "wrappy": "1"
      }
    },
    "inherits": {
      "version": "2.0.4",
      "resolved": "https://registry.npmjs.org/inherits/-/inherits-2.0.4.tgz",
      "integrity": "sha512-k/vGaX4/Yla3WzyMCvTQOXYeIHvqOKtnqBduzTHpzpQZzAskKMhZ2K+EnBiSM9zGSoIFeMpXKxa4dYeZIQqewQ==",
      "dev": true
    },
    "is-extglob": {
      "version": "2.1.1",
      "resolved": "https://registry.npmjs.org/is-extglob/-/is-extglob-2.1.1.tgz",
      "integrity": "sha1-qIwCU1eR8C7TfHahueqXc8gz+MI=",
      "dev": true
    },
    "is-glob": {
      "version": "4.0.1",
      "resolved": "https://registry.npmjs.org/is-glob/-/is-glob-4.0.1.tgz",
      "integrity": "sha512-5G0tKtBTFImOqDnLB2hG6Bp2qcKEFduo4tZu9MT/H6NQv/ghhy30o55ufafxJ/LdH79LLs2Kfrn85TLKyA7BUg==",
      "dev": true,
      "requires": {
        "is-extglob": "^2.1.1"
      }
    },
    "is-plain-object": {
      "version": "4.1.1",
      "resolved": "https://registry.npmjs.org/is-plain-object/-/is-plain-object-4.1.1.tgz",
      "integrity": "sha512-5Aw8LLVsDlZsETVMhoMXzqsXwQqr/0vlnBYzIXJbYo2F4yYlhLHs+Ez7Bod7IIQKWkJbJfxrWD7pA1Dw1TKrwA=="
    },
    "lodash": {
      "version": "4.17.21",
      "resolved": "https://registry.npmjs.org/lodash/-/lodash-4.17.21.tgz",
      "integrity": "sha512-v2kDEe57lecTulaDIuNTPy3Ry4gLGJ6Z1O3vE1krgXZNrsQ+LFTGHVxVjcXPs17LhbZVGedAJv8XZ1tvj5FvSg==",
      "dev": true
    },
    "minimatch": {
      "version": "3.0.4",
      "resolved": "https://registry.npmjs.org/minimatch/-/minimatch-3.0.4.tgz",
      "integrity": "sha512-yJHVQEhyqPLUTgt9B83PXu6W3rx4MvvHvSUvToogpwoGDOUQ+yDrR0HRot+yOCdCO7u4hX3pWft6kWBBcqh0UA==",
      "dev": true,
      "requires": {
        "brace-expansion": "^1.1.7"
      }
    },
    "ms": {
      "version": "2.1.2",
      "resolved": "https://registry.npmjs.org/ms/-/ms-2.1.2.tgz",
      "integrity": "sha512-sGkPx+VjMtmA6MX27oA4FBFELFCZZ4S4XqeGOXCv68tT+jb3vk/RyaKWP0PTKyWtmLSM0b+adUTEvbs1PEaH2w==",
      "dev": true
    },
    "node-fetch": {
      "version": "2.6.1",
      "resolved": "https://registry.npmjs.org/node-fetch/-/node-fetch-2.6.1.tgz",
      "integrity": "sha512-V4aYg89jEoVRxRb2fJdAg8FHvI7cEyYdVAh94HH0UIK8oJxUfkjlDQN9RbMx+bEjP7+ggMiFRprSti032Oipxw=="
    },
    "once": {
      "version": "1.4.0",
      "resolved": "https://registry.npmjs.org/once/-/once-1.4.0.tgz",
      "integrity": "sha1-WDsap3WWHUsROsF9nFC6753Xa9E=",
      "requires": {
        "wrappy": "1"
      }
    },
    "path-is-absolute": {
      "version": "1.0.1",
      "resolved": "https://registry.npmjs.org/path-is-absolute/-/path-is-absolute-1.0.1.tgz",
      "integrity": "sha1-F0uSaHNVNP+8es5r9TpanhtcX18=",
      "dev": true
    },
    "semver": {
      "version": "7.3.2",
      "resolved": "https://registry.npmjs.org/semver/-/semver-7.3.2.tgz",
      "integrity": "sha512-OrOb32TeeambH6UrhtShmF7CRDqhL6/5XpPNp2DuRH6+9QLw/orhp72j87v8Qa1ScDkvrrBNpZcDejAirJmfXQ==",
      "dev": true
    },
    "tslib": {
      "version": "1.13.0",
      "resolved": "https://registry.npmjs.org/tslib/-/tslib-1.13.0.tgz",
      "integrity": "sha512-i/6DQjL8Xf3be4K/E6Wgpekn5Qasl1usyw++dAA35Ue5orEn65VIxOA+YvNNl9HV3qv70T7CNwjODHZrLwvd1Q==",
      "dev": true
    },
    "tsutils": {
      "version": "3.17.1",
      "resolved": "https://registry.npmjs.org/tsutils/-/tsutils-3.17.1.tgz",
      "integrity": "sha512-kzeQ5B8H3w60nFY2g8cJIuH7JDpsALXySGtwGJ0p2LSjLgay3NdIpqq5SoOBe46bKDW2iq25irHCr8wjomUS2g==",
      "dev": true,
      "requires": {
        "tslib": "^1.8.1"
      }
    },
    "tunnel": {
      "version": "0.0.6",
      "resolved": "https://registry.npmjs.org/tunnel/-/tunnel-0.0.6.tgz",
      "integrity": "sha512-1h/Lnq9yajKY2PEbBadPXj3VxsDDu844OnaAo52UVmIzIvwwtBPIuNvkjuzBlTWpfJyUbG3ez0KSBibQkj4ojg=="
    },
    "typescript": {
      "version": "3.9.7",
      "resolved": "https://registry.npmjs.org/typescript/-/typescript-3.9.7.tgz",
      "integrity": "sha512-BLbiRkiBzAwsjut4x/dsibSTB6yWpwT5qWmC2OfuCg3GgVQCSgMs4vEctYPhsaGtd0AeuuHMkjZ2h2WG8MSzRw==",
      "dev": true
    },
    "universal-user-agent": {
      "version": "6.0.0",
      "resolved": "https://registry.npmjs.org/universal-user-agent/-/universal-user-agent-6.0.0.tgz",
      "integrity": "sha512-isyNax3wXoKaulPDZWHQqbmIx1k2tb9fb3GGDBRxCscfYV2Ch7WxPArBsFEG8s/safwXTT7H4QGhaIkTp9447w=="
    },
    "wrappy": {
      "version": "1.0.2",
      "resolved": "https://registry.npmjs.org/wrappy/-/wrappy-1.0.2.tgz",
      "integrity": "sha1-tSQ9jz7BqjXxNkYFvA0QNuMKtp8="
    }
  }
}
